<?xml version="1.0" encoding="utf-8"?>
<Project ToolsVersion="15.0" xmlns="http://schemas.microsoft.com/developer/msbuild/2003">
  <ItemGroup>
    <ClCompile Include="nghttp2_pq.c">
      <Filter>Source Files</Filter>
    </ClCompile>
    <ClCompile Include="nghttp2_map.c">
      <Filter>Source Files</Filter>
    </ClCompile>
    <ClCompile Include="nghttp2_queue.c">
      <Filter>Source Files</Filter>
    </ClCompile>
    <ClCompile Include="nghttp2_frame.c">
      <Filter>Source Files</Filter>
    </ClCompile>
    <ClCompile Include="nghttp2_buf.c">
      <Filter>Source Files</Filter>
    </ClCompile>
    <ClCompile Include="nghttp2_stream.c">
      <Filter>Source Files</Filter>
    </ClCompile>
    <ClCompile Include="nghttp2_outbound_item.c">
      <Filter>Source Files</Filter>
    </ClCompile>
    <ClCompile Include="nghttp2_session.c">
      <Filter>Source Files</Filter>
    </ClCompile>
    <ClCompile Include="nghttp2_submit.c">
      <Filter>Source Files</Filter>
    </ClCompile>
    <ClCompile Include="nghttp2_helper.c">
      <Filter>Source Files</Filter>
    </ClCompile>
    <ClCompile Include="nghttp2_npn.c">
      <Filter>Source Files</Filter>
    </ClCompile>
    <ClCompile Include="nghttp2_hd.c">
      <Filter>Source Files</Filter>
    </ClCompile>
    <ClCompile Include="nghttp2_hd_huffman.c">
      <Filter>Source Files</Filter>
    </ClCompile>
    <ClCompile Include="nghttp2_hd_huffman_data.c">
      <Filter>Source Files</Filter>
    </ClCompile>
    <ClCompile Include="nghttp2_version.c">
      <Filter>Source Files</Filter>
    </ClCompile>
    <ClCompile Include="nghttp2_priority_spec.c">
      <Filter>Source Files</Filter>
    </ClCompile>
    <ClCompile Include="nghttp2_option.c">
      <Filter>Source Files</Filter>
    </ClCompile>
    <ClCompile Include="nghttp2_callbacks.c">
      <Filter>Source Files</Filter>
    </ClCompile>
    <ClCompile Include="nghttp2_mem.c">
      <Filter>Source Files</Filter>
    </ClCompile>
    <ClCompile Include="nghttp2_http.c">
      <Filter>Source Files</Filter>
    </ClCompile>
    <ClCompile Include="nghttp2_rcbuf.c">
      <Filter>Source Files</Filter>
    </ClCompile>
    <ClCompile Include="nghttp2_debug.c">
      <Filter>Source Files</Filter>
    </ClCompile>
  </ItemGroup>
  <ItemGroup>
    <ResourceCompile Include="version.rc">
      <Filter>Source Files</Filter>
    </ResourceCompile>
  </ItemGroup>
  <ItemGroup>
    <Filter Include="Source Files">
      <UniqueIdentifier>{F552A968-CFF2-3280-B25E-D7CAD9C3F42E}</UniqueIdentifier>
    </Filter>
  </ItemGroup>
</Project>