<?xml version="1.0" encoding="utf-8"?>
<Project ToolsVersion="15.0" xmlns="http://schemas.microsoft.com/developer/msbuild/2003">
  <ItemGroup>
    <ClCompile Include="slist_wc.c">
      <Filter>curl source files</Filter>
    </ClCompile>
    <ClCompile Include="tool_binmode.c">
      <Filter>curl source files</Filter>
    </ClCompile>
    <ClCompile Include="tool_bname.c">
      <Filter>curl source files</Filter>
    </ClCompile>
    <ClCompile Include="tool_cb_dbg.c">
      <Filter>curl source files</Filter>
    </ClCompile>
    <ClCompile Include="tool_cb_hdr.c">
      <Filter>curl source files</Filter>
    </ClCompile>
    <ClCompile Include="tool_cb_prg.c">
      <Filter>curl source files</Filter>
    </ClCompile>
    <ClCompile Include="tool_cb_rea.c">
      <Filter>curl source files</Filter>
    </ClCompile>
    <ClCompile Include="tool_cb_see.c">
      <Filter>curl source files</Filter>
    </ClCompile>
    <ClCompile Include="tool_cb_wrt.c">
      <Filter>curl source files</Filter>
    </ClCompile>
    <ClCompile Include="tool_cfgable.c">
      <Filter>curl source files</Filter>
    </ClCompile>
    <ClCompile Include="tool_convert.c">
      <Filter>curl source files</Filter>
    </ClCompile>
    <ClCompile Include="tool_dirhie.c">
      <Filter>curl source files</Filter>
    </ClCompile>
    <ClCompile Include="tool_doswin.c">
      <Filter>curl source files</Filter>
    </ClCompile>
    <ClCompile Include="tool_easysrc.c">
      <Filter>curl source files</Filter>
    </ClCompile>
    <ClCompile Include="tool_filetime.c">
      <Filter>curl source files</Filter>
    </ClCompile>
    <ClCompile Include="tool_formparse.c">
      <Filter>curl source files</Filter>
    </ClCompile>
    <ClCompile Include="tool_getparam.c">
      <Filter>curl source files</Filter>
    </ClCompile>
    <ClCompile Include="tool_getpass.c">
      <Filter>curl source files</Filter>
    </ClCompile>
    <ClCompile Include="tool_help.c">
      <Filter>curl source files</Filter>
    </ClCompile>
    <ClCompile Include="tool_helpers.c">
      <Filter>curl source files</Filter>
    </ClCompile>
    <ClCompile Include="tool_homedir.c">
      <Filter>curl source files</Filter>
    </ClCompile>
    <ClCompile Include="tool_hugehelp.c">
      <Filter>curl source files</Filter>
    </ClCompile>
    <ClCompile Include="tool_libinfo.c">
      <Filter>curl source files</Filter>
    </ClCompile>
    <ClCompile Include="tool_main.c">
      <Filter>curl source files</Filter>
    </ClCompile>
    <ClCompile Include="tool_metalink.c">
      <Filter>curl source files</Filter>
    </ClCompile>
    <ClCompile Include="tool_msgs.c">
      <Filter>curl source files</Filter>
    </ClCompile>
    <ClCompile Include="tool_operate.c">
      <Filter>curl source files</Filter>
    </ClCompile>
    <ClCompile Include="tool_operhlp.c">
      <Filter>curl source files</Filter>
    </ClCompile>
    <ClCompile Include="tool_panykey.c">
      <Filter>curl source files</Filter>
    </ClCompile>
    <ClCompile Include="tool_paramhlp.c">
      <Filter>curl source files</Filter>
    </ClCompile>
    <ClCompile Include="tool_parsecfg.c">
      <Filter>curl source files</Filter>
    </ClCompile>
    <ClCompile Include="tool_strdup.c">
      <Filter>curl source files</Filter>
    </ClCompile>
    <ClCompile Include="tool_setopt.c">
      <Filter>curl source files</Filter>
    </ClCompile>
    <ClCompile Include="tool_sleep.c">
      <Filter>curl source files</Filter>
    </ClCompile>
    <ClCompile Include="tool_urlglob.c">
      <Filter>curl source files</Filter>
    </ClCompile>
    <ClCompile Include="tool_util.c">
      <Filter>curl source files</Filter>
    </ClCompile>
    <ClCompile Include="tool_vms.c">
      <Filter>curl source files</Filter>
    </ClCompile>
    <ClCompile Include="tool_writeout.c">
      <Filter>curl source files</Filter>
    </ClCompile>
    <ClCompile Include="tool_xattr.c">
      <Filter>curl source files</Filter>
    </ClCompile>
    <ClCompile Include="..\lib\strtoofft.c">
      <Filter>curlX source files</Filter>
    </ClCompile>
    <ClCompile Include="..\lib\nonblock.c">
      <Filter>curlX source files</Filter>
    </ClCompile>
    <ClCompile Include="..\lib\warnless.c">
      <Filter>curlX source files</Filter>
    </ClCompile>
    <ClCompile Include="..\lib\curl_ctype.c">
      <Filter>curlX source files</Filter>
    </ClCompile>
  </ItemGroup>
  <ItemGroup>
    <ClInclude Include="slist_wc.h">
      <Filter>curl header files</Filter>
    </ClInclude>
    <ClInclude Include="tool_binmode.h">
      <Filter>curl header files</Filter>
    </ClInclude>
    <ClInclude Include="tool_bname.h">
      <Filter>curl header files</Filter>
    </ClInclude>
    <ClInclude Include="tool_cb_dbg.h">
      <Filter>curl header files</Filter>
    </ClInclude>
    <ClInclude Include="tool_cb_hdr.h">
      <Filter>curl header files</Filter>
    </ClInclude>
    <ClInclude Include="tool_cb_prg.h">
      <Filter>curl header files</Filter>
    </ClInclude>
    <ClInclude Include="tool_cb_rea.h">
      <Filter>curl header files</Filter>
    </ClInclude>
    <ClInclude Include="tool_cb_see.h">
      <Filter>curl header files</Filter>
    </ClInclude>
    <ClInclude Include="tool_cb_wrt.h">
      <Filter>curl header files</Filter>
    </ClInclude>
    <ClInclude Include="tool_cfgable.h">
      <Filter>curl header files</Filter>
    </ClInclude>
    <ClInclude Include="tool_convert.h">
      <Filter>curl header files</Filter>
    </ClInclude>
    <ClInclude Include="tool_dirhie.h">
      <Filter>curl header files</Filter>
    </ClInclude>
    <ClInclude Include="tool_doswin.h">
      <Filter>curl header files</Filter>
    </ClInclude>
    <ClInclude Include="tool_easysrc.h">
      <Filter>curl header files</Filter>
    </ClInclude>
    <ClInclude Include="tool_filetime.h">
      <Filter>curl header files</Filter>
    </ClInclude>
    <ClInclude Include="tool_formparse.h">
      <Filter>curl header files</Filter>
    </ClInclude>
    <ClInclude Include="tool_getparam.h">
      <Filter>curl header files</Filter>
    </ClInclude>
    <ClInclude Include="tool_getpass.h">
      <Filter>curl header files</Filter>
    </ClInclude>
    <ClInclude Include="tool_help.h">
      <Filter>curl header files</Filter>
    </ClInclude>
    <ClInclude Include="tool_helpers.h">
      <Filter>curl header files</Filter>
    </ClInclude>
    <ClInclude Include="tool_homedir.h">
      <Filter>curl header files</Filter>
    </ClInclude>
    <ClInclude Include="tool_hugehelp.h">
      <Filter>curl header files</Filter>
    </ClInclude>
    <ClInclude Include="tool_libinfo.h">
      <Filter>curl header files</Filter>
    </ClInclude>
    <ClInclude Include="tool_main.h">
      <Filter>curl header files</Filter>
    </ClInclude>
    <ClInclude Include="tool_metalink.h">
      <Filter>curl header files</Filter>
    </ClInclude>
    <ClInclude Include="tool_msgs.h">
      <Filter>curl header files</Filter>
    </ClInclude>
    <ClInclude Include="tool_operate.h">
      <Filter>curl header files</Filter>
    </ClInclude>
    <ClInclude Include="tool_operhlp.h">
      <Filter>curl header files</Filter>
    </ClInclude>
    <ClInclude Include="tool_panykey.h">
      <Filter>curl header files</Filter>
    </ClInclude>
    <ClInclude Include="tool_paramhlp.h">
      <Filter>curl header files</Filter>
    </ClInclude>
    <ClInclude Include="tool_parsecfg.h">
      <Filter>curl header files</Filter>
    </ClInclude>
    <ClInclude Include="tool_sdecls.h">
      <Filter>curl header files</Filter>
    </ClInclude>
    <ClInclude Include="tool_setopt.h">
      <Filter>curl header files</Filter>
    </ClInclude>
    <ClInclude Include="tool_setup.h">
      <Filter>curl header files</Filter>
    </ClInclude>
    <ClInclude Include="tool_sleep.h">
      <Filter>curl header files</Filter>
    </ClInclude>
    <ClInclude Include="tool_strdup.h">
      <Filter>curl header files</Filter>
    </ClInclude>
    <ClInclude Include="tool_urlglob.h">
      <Filter>curl header files</Filter>
    </ClInclude>
    <ClInclude Include="tool_util.h">
      <Filter>curl header files</Filter>
    </ClInclude>
    <ClInclude Include="tool_version.h">
      <Filter>curl header files</Filter>
    </ClInclude>
    <ClInclude Include="tool_vms.h">
      <Filter>curl header files</Filter>
    </ClInclude>
    <ClInclude Include="tool_writeout.h">
      <Filter>curl header files</Filter>
    </ClInclude>
    <ClInclude Include="tool_xattr.h">
      <Filter>curl header files</Filter>
    </ClInclude>
  </ItemGroup>
  <ItemGroup>
    <ResourceCompile Include="curl.rc">
      <Filter>Source Files</Filter>
    </ResourceCompile>
  </ItemGroup>
  <ItemGroup>
    <Filter Include="Source Files">
      <UniqueIdentifier>{995C60F3-2EE7-3E66-9B02-AEE429736444}</UniqueIdentifier>
    </Filter>
    <Filter Include="curl header files">
      <UniqueIdentifier>{24BECB26-54A8-34AB-9CEB-D0C605D3D064}</UniqueIdentifier>
    </Filter>
    <Filter Include="curl source files">
      <UniqueIdentifier>{24C46CF5-3C3D-3E58-930E-35FAC4D1F757}</UniqueIdentifier>
    </Filter>
    <Filter Include="curlX source files">
      <UniqueIdentifier>{F3F4BF91-6D12-36F0-93B0-5DD558315A08}</UniqueIdentifier>
    </Filter>
  </ItemGroup>
</Project>