<?xml version="1.0" encoding="utf-8"?>
<Project ToolsVersion="15.0" xmlns="http://schemas.microsoft.com/developer/msbuild/2003">
  <ItemGroup>
    <ClCompile Include="E:\libcurl\curl-7.65.1\src\slist_wc.c">
      <Filter>curl source files</Filter>
    </ClCompile>
    <ClCompile Include="E:\libcurl\curl-7.65.1\src\tool_binmode.c">
      <Filter>curl source files</Filter>
    </ClCompile>
    <ClCompile Include="E:\libcurl\curl-7.65.1\src\tool_bname.c">
      <Filter>curl source files</Filter>
    </ClCompile>
    <ClCompile Include="E:\libcurl\curl-7.65.1\src\tool_cb_dbg.c">
      <Filter>curl source files</Filter>
    </ClCompile>
    <ClCompile Include="E:\libcurl\curl-7.65.1\src\tool_cb_hdr.c">
      <Filter>curl source files</Filter>
    </ClCompile>
    <ClCompile Include="E:\libcurl\curl-7.65.1\src\tool_cb_prg.c">
      <Filter>curl source files</Filter>
    </ClCompile>
    <ClCompile Include="E:\libcurl\curl-7.65.1\src\tool_cb_rea.c">
      <Filter>curl source files</Filter>
    </ClCompile>
    <ClCompile Include="E:\libcurl\curl-7.65.1\src\tool_cb_see.c">
      <Filter>curl source files</Filter>
    </ClCompile>
    <ClCompile Include="E:\libcurl\curl-7.65.1\src\tool_cb_wrt.c">
      <Filter>curl source files</Filter>
    </ClCompile>
    <ClCompile Include="E:\libcurl\curl-7.65.1\src\tool_cfgable.c">
      <Filter>curl source files</Filter>
    </ClCompile>
    <ClCompile Include="E:\libcurl\curl-7.65.1\src\tool_convert.c">
      <Filter>curl source files</Filter>
    </ClCompile>
    <ClCompile Include="E:\libcurl\curl-7.65.1\src\tool_dirhie.c">
      <Filter>curl source files</Filter>
    </ClCompile>
    <ClCompile Include="E:\libcurl\curl-7.65.1\src\tool_doswin.c">
      <Filter>curl source files</Filter>
    </ClCompile>
    <ClCompile Include="E:\libcurl\curl-7.65.1\src\tool_easysrc.c">
      <Filter>curl source files</Filter>
    </ClCompile>
    <ClCompile Include="E:\libcurl\curl-7.65.1\src\tool_filetime.c">
      <Filter>curl source files</Filter>
    </ClCompile>
    <ClCompile Include="E:\libcurl\curl-7.65.1\src\tool_formparse.c">
      <Filter>curl source files</Filter>
    </ClCompile>
    <ClCompile Include="E:\libcurl\curl-7.65.1\src\tool_getparam.c">
      <Filter>curl source files</Filter>
    </ClCompile>
    <ClCompile Include="E:\libcurl\curl-7.65.1\src\tool_getpass.c">
      <Filter>curl source files</Filter>
    </ClCompile>
    <ClCompile Include="E:\libcurl\curl-7.65.1\src\tool_help.c">
      <Filter>curl source files</Filter>
    </ClCompile>
    <ClCompile Include="E:\libcurl\curl-7.65.1\src\tool_helpers.c">
      <Filter>curl source files</Filter>
    </ClCompile>
    <ClCompile Include="E:\libcurl\curl-7.65.1\src\tool_homedir.c">
      <Filter>curl source files</Filter>
    </ClCompile>
    <ClCompile Include="E:\libcurl\curl-7.65.1\src\tool_hugehelp.c">
      <Filter>curl source files</Filter>
    </ClCompile>
    <ClCompile Include="E:\libcurl\curl-7.65.1\src\tool_libinfo.c">
      <Filter>curl source files</Filter>
    </ClCompile>
    <ClCompile Include="E:\libcurl\curl-7.65.1\src\tool_main.c">
      <Filter>curl source files</Filter>
    </ClCompile>
    <ClCompile Include="E:\libcurl\curl-7.65.1\src\tool_metalink.c">
      <Filter>curl source files</Filter>
    </ClCompile>
    <ClCompile Include="E:\libcurl\curl-7.65.1\src\tool_msgs.c">
      <Filter>curl source files</Filter>
    </ClCompile>
    <ClCompile Include="E:\libcurl\curl-7.65.1\src\tool_operate.c">
      <Filter>curl source files</Filter>
    </ClCompile>
    <ClCompile Include="E:\libcurl\curl-7.65.1\src\tool_operhlp.c">
      <Filter>curl source files</Filter>
    </ClCompile>
    <ClCompile Include="E:\libcurl\curl-7.65.1\src\tool_panykey.c">
      <Filter>curl source files</Filter>
    </ClCompile>
    <ClCompile Include="E:\libcurl\curl-7.65.1\src\tool_paramhlp.c">
      <Filter>curl source files</Filter>
    </ClCompile>
    <ClCompile Include="E:\libcurl\curl-7.65.1\src\tool_parsecfg.c">
      <Filter>curl source files</Filter>
    </ClCompile>
    <ClCompile Include="E:\libcurl\curl-7.65.1\src\tool_strdup.c">
      <Filter>curl source files</Filter>
    </ClCompile>
    <ClCompile Include="E:\libcurl\curl-7.65.1\src\tool_setopt.c">
      <Filter>curl source files</Filter>
    </ClCompile>
    <ClCompile Include="E:\libcurl\curl-7.65.1\src\tool_sleep.c">
      <Filter>curl source files</Filter>
    </ClCompile>
    <ClCompile Include="E:\libcurl\curl-7.65.1\src\tool_urlglob.c">
      <Filter>curl source files</Filter>
    </ClCompile>
    <ClCompile Include="E:\libcurl\curl-7.65.1\src\tool_util.c">
      <Filter>curl source files</Filter>
    </ClCompile>
    <ClCompile Include="E:\libcurl\curl-7.65.1\src\tool_vms.c">
      <Filter>curl source files</Filter>
    </ClCompile>
    <ClCompile Include="E:\libcurl\curl-7.65.1\src\tool_writeout.c">
      <Filter>curl source files</Filter>
    </ClCompile>
    <ClCompile Include="E:\libcurl\curl-7.65.1\src\tool_xattr.c">
      <Filter>curl source files</Filter>
    </ClCompile>
    <ClCompile Include="E:\libcurl\curl-7.65.1\lib\strtoofft.c">
      <Filter>curlX source files</Filter>
    </ClCompile>
    <ClCompile Include="E:\libcurl\curl-7.65.1\lib\nonblock.c">
      <Filter>curlX source files</Filter>
    </ClCompile>
    <ClCompile Include="E:\libcurl\curl-7.65.1\lib\warnless.c">
      <Filter>curlX source files</Filter>
    </ClCompile>
    <ClCompile Include="E:\libcurl\curl-7.65.1\lib\curl_ctype.c">
      <Filter>curlX source files</Filter>
    </ClCompile>
  </ItemGroup>
  <ItemGroup>
    <ClInclude Include="E:\libcurl\curl-7.65.1\src\slist_wc.h">
      <Filter>curl header files</Filter>
    </ClInclude>
    <ClInclude Include="E:\libcurl\curl-7.65.1\src\tool_binmode.h">
      <Filter>curl header files</Filter>
    </ClInclude>
    <ClInclude Include="E:\libcurl\curl-7.65.1\src\tool_bname.h">
      <Filter>curl header files</Filter>
    </ClInclude>
    <ClInclude Include="E:\libcurl\curl-7.65.1\src\tool_cb_dbg.h">
      <Filter>curl header files</Filter>
    </ClInclude>
    <ClInclude Include="E:\libcurl\curl-7.65.1\src\tool_cb_hdr.h">
      <Filter>curl header files</Filter>
    </ClInclude>
    <ClInclude Include="E:\libcurl\curl-7.65.1\src\tool_cb_prg.h">
      <Filter>curl header files</Filter>
    </ClInclude>
    <ClInclude Include="E:\libcurl\curl-7.65.1\src\tool_cb_rea.h">
      <Filter>curl header files</Filter>
    </ClInclude>
    <ClInclude Include="E:\libcurl\curl-7.65.1\src\tool_cb_see.h">
      <Filter>curl header files</Filter>
    </ClInclude>
    <ClInclude Include="E:\libcurl\curl-7.65.1\src\tool_cb_wrt.h">
      <Filter>curl header files</Filter>
    </ClInclude>
    <ClInclude Include="E:\libcurl\curl-7.65.1\src\tool_cfgable.h">
      <Filter>curl header files</Filter>
    </ClInclude>
    <ClInclude Include="E:\libcurl\curl-7.65.1\src\tool_convert.h">
      <Filter>curl header files</Filter>
    </ClInclude>
    <ClInclude Include="E:\libcurl\curl-7.65.1\src\tool_dirhie.h">
      <Filter>curl header files</Filter>
    </ClInclude>
    <ClInclude Include="E:\libcurl\curl-7.65.1\src\tool_doswin.h">
      <Filter>curl header files</Filter>
    </ClInclude>
    <ClInclude Include="E:\libcurl\curl-7.65.1\src\tool_easysrc.h">
      <Filter>curl header files</Filter>
    </ClInclude>
    <ClInclude Include="E:\libcurl\curl-7.65.1\src\tool_filetime.h">
      <Filter>curl header files</Filter>
    </ClInclude>
    <ClInclude Include="E:\libcurl\curl-7.65.1\src\tool_formparse.h">
      <Filter>curl header files</Filter>
    </ClInclude>
    <ClInclude Include="E:\libcurl\curl-7.65.1\src\tool_getparam.h">
      <Filter>curl header files</Filter>
    </ClInclude>
    <ClInclude Include="E:\libcurl\curl-7.65.1\src\tool_getpass.h">
      <Filter>curl header files</Filter>
    </ClInclude>
    <ClInclude Include="E:\libcurl\curl-7.65.1\src\tool_help.h">
      <Filter>curl header files</Filter>
    </ClInclude>
    <ClInclude Include="E:\libcurl\curl-7.65.1\src\tool_helpers.h">
      <Filter>curl header files</Filter>
    </ClInclude>
    <ClInclude Include="E:\libcurl\curl-7.65.1\src\tool_homedir.h">
      <Filter>curl header files</Filter>
    </ClInclude>
    <ClInclude Include="E:\libcurl\curl-7.65.1\src\tool_hugehelp.h">
      <Filter>curl header files</Filter>
    </ClInclude>
    <ClInclude Include="E:\libcurl\curl-7.65.1\src\tool_libinfo.h">
      <Filter>curl header files</Filter>
    </ClInclude>
    <ClInclude Include="E:\libcurl\curl-7.65.1\src\tool_main.h">
      <Filter>curl header files</Filter>
    </ClInclude>
    <ClInclude Include="E:\libcurl\curl-7.65.1\src\tool_metalink.h">
      <Filter>curl header files</Filter>
    </ClInclude>
    <ClInclude Include="E:\libcurl\curl-7.65.1\src\tool_msgs.h">
      <Filter>curl header files</Filter>
    </ClInclude>
    <ClInclude Include="E:\libcurl\curl-7.65.1\src\tool_operate.h">
      <Filter>curl header files</Filter>
    </ClInclude>
    <ClInclude Include="E:\libcurl\curl-7.65.1\src\tool_operhlp.h">
      <Filter>curl header files</Filter>
    </ClInclude>
    <ClInclude Include="E:\libcurl\curl-7.65.1\src\tool_panykey.h">
      <Filter>curl header files</Filter>
    </ClInclude>
    <ClInclude Include="E:\libcurl\curl-7.65.1\src\tool_paramhlp.h">
      <Filter>curl header files</Filter>
    </ClInclude>
    <ClInclude Include="E:\libcurl\curl-7.65.1\src\tool_parsecfg.h">
      <Filter>curl header files</Filter>
    </ClInclude>
    <ClInclude Include="E:\libcurl\curl-7.65.1\src\tool_sdecls.h">
      <Filter>curl header files</Filter>
    </ClInclude>
    <ClInclude Include="E:\libcurl\curl-7.65.1\src\tool_setopt.h">
      <Filter>curl header files</Filter>
    </ClInclude>
    <ClInclude Include="E:\libcurl\curl-7.65.1\src\tool_setup.h">
      <Filter>curl header files</Filter>
    </ClInclude>
    <ClInclude Include="E:\libcurl\curl-7.65.1\src\tool_sleep.h">
      <Filter>curl header files</Filter>
    </ClInclude>
    <ClInclude Include="E:\libcurl\curl-7.65.1\src\tool_strdup.h">
      <Filter>curl header files</Filter>
    </ClInclude>
    <ClInclude Include="E:\libcurl\curl-7.65.1\src\tool_urlglob.h">
      <Filter>curl header files</Filter>
    </ClInclude>
    <ClInclude Include="E:\libcurl\curl-7.65.1\src\tool_util.h">
      <Filter>curl header files</Filter>
    </ClInclude>
    <ClInclude Include="E:\libcurl\curl-7.65.1\src\tool_version.h">
      <Filter>curl header files</Filter>
    </ClInclude>
    <ClInclude Include="E:\libcurl\curl-7.65.1\src\tool_vms.h">
      <Filter>curl header files</Filter>
    </ClInclude>
    <ClInclude Include="E:\libcurl\curl-7.65.1\src\tool_writeout.h">
      <Filter>curl header files</Filter>
    </ClInclude>
    <ClInclude Include="E:\libcurl\curl-7.65.1\src\tool_xattr.h">
      <Filter>curl header files</Filter>
    </ClInclude>
  </ItemGroup>
  <ItemGroup>
    <ResourceCompile Include="E:\libcurl\curl-7.65.1\src\curl.rc">
      <Filter>Source Files</Filter>
    </ResourceCompile>
  </ItemGroup>
  <ItemGroup>
    <Filter Include="Source Files">
      <UniqueIdentifier>{995C60F3-2EE7-3E66-9B02-AEE429736444}</UniqueIdentifier>
    </Filter>
    <Filter Include="curl header files">
      <UniqueIdentifier>{24BECB26-54A8-34AB-9CEB-D0C605D3D064}</UniqueIdentifier>
    </Filter>
    <Filter Include="curl source files">
      <UniqueIdentifier>{24C46CF5-3C3D-3E58-930E-35FAC4D1F757}</UniqueIdentifier>
    </Filter>
    <Filter Include="curlX source files">
      <UniqueIdentifier>{F3F4BF91-6D12-36F0-93B0-5DD558315A08}</UniqueIdentifier>
    </Filter>
  </ItemGroup>
</Project>