<?xml version="1.0" encoding="utf-8"?>
<Project ToolsVersion="15.0" xmlns="http://schemas.microsoft.com/developer/msbuild/2003">
  <ItemGroup>
    <ClCompile Include="c\dec\bit_reader.c">
      <Filter>Source Files</Filter>
    </ClCompile>
    <ClCompile Include="c\dec\decode.c">
      <Filter>Source Files</Filter>
    </ClCompile>
    <ClCompile Include="c\dec\huffman.c">
      <Filter>Source Files</Filter>
    </ClCompile>
    <ClCompile Include="c\dec\state.c">
      <Filter>Source Files</Filter>
    </ClCompile>
  </ItemGroup>
  <ItemGroup>
    <Filter Include="Source Files">
      <UniqueIdentifier>{F1002FF5-15F0-35CA-BB46-07463498EE78}</UniqueIdentifier>
    </Filter>
  </ItemGroup>
</Project>