<?xml version="1.0" encoding="utf-8"?>
<Project ToolsVersion="15.0" xmlns="http://schemas.microsoft.com/developer/msbuild/2003">
  <ItemGroup>
    <ClCompile Include="E:\jsoncpp1.9.1\src\lib_json\json_reader.cpp">
      <Filter>Source Files</Filter>
    </ClCompile>
    <ClCompile Include="E:\jsoncpp1.9.1\src\lib_json\json_value.cpp">
      <Filter>Source Files</Filter>
    </ClCompile>
    <ClCompile Include="E:\jsoncpp1.9.1\src\lib_json\json_writer.cpp">
      <Filter>Source Files</Filter>
    </ClCompile>
  </ItemGroup>
  <ItemGroup>
    <ClInclude Include="E:\jsoncpp1.9.1\include\json\config.h">
      <Filter>Public API</Filter>
    </ClInclude>
    <ClInclude Include="E:\jsoncpp1.9.1\include\json\forwards.h">
      <Filter>Public API</Filter>
    </ClInclude>
    <ClInclude Include="E:\jsoncpp1.9.1\include\json\features.h">
      <Filter>Public API</Filter>
    </ClInclude>
    <ClInclude Include="E:\jsoncpp1.9.1\include\json\value.h">
      <Filter>Public API</Filter>
    </ClInclude>
    <ClInclude Include="E:\jsoncpp1.9.1\include\json\reader.h">
      <Filter>Public API</Filter>
    </ClInclude>
    <ClInclude Include="E:\jsoncpp1.9.1\include\json\writer.h">
      <Filter>Public API</Filter>
    </ClInclude>
    <ClInclude Include="E:\jsoncpp1.9.1\include\json\assertions.h">
      <Filter>Public API</Filter>
    </ClInclude>
    <ClInclude Include="E:\jsoncpp1.9.1\include\json\version.h">
      <Filter>Public API</Filter>
    </ClInclude>
    <ClInclude Include="E:\jsoncpp1.9.1\src\lib_json\json_tool.h">
      <Filter>Header Files</Filter>
    </ClInclude>
    <ClInclude Include="E:\jsoncpp1.9.1\src\lib_json\json_valueiterator.inl">
      <Filter>Header Files</Filter>
    </ClInclude>
    <ClInclude Include="E:\jsoncpp1.9.1\src\lib_json\version.h.in">
      <Filter>Header Files</Filter>
    </ClInclude>
  </ItemGroup>
  <ItemGroup>
    <Filter Include="Header Files">
      <UniqueIdentifier>{BB0F85A8-B5EC-3836-97AD-FB067128077F}</UniqueIdentifier>
    </Filter>
    <Filter Include="Public API">
      <UniqueIdentifier>{1AE44F55-81EA-396B-AE7F-8428CF255F33}</UniqueIdentifier>
    </Filter>
    <Filter Include="Source Files">
      <UniqueIdentifier>{18595C63-ABF0-3F76-B039-4E3E65F3173F}</UniqueIdentifier>
    </Filter>
  </ItemGroup>
</Project>