<?xml version="1.0" encoding="utf-8"?>
<Project ToolsVersion="15.0" xmlns="http://schemas.microsoft.com/developer/msbuild/2003">
  <ItemGroup>
    <ClCompile Include="E:\libcurl\curl-7.65.1\lib\file.c">
      <Filter>Source Files</Filter>
    </ClCompile>
    <ClCompile Include="E:\libcurl\curl-7.65.1\lib\timeval.c">
      <Filter>Source Files</Filter>
    </ClCompile>
    <ClCompile Include="E:\libcurl\curl-7.65.1\lib\base64.c">
      <Filter>Source Files</Filter>
    </ClCompile>
    <ClCompile Include="E:\libcurl\curl-7.65.1\lib\hostip.c">
      <Filter>Source Files</Filter>
    </ClCompile>
    <ClCompile Include="E:\libcurl\curl-7.65.1\lib\progress.c">
      <Filter>Source Files</Filter>
    </ClCompile>
    <ClCompile Include="E:\libcurl\curl-7.65.1\lib\formdata.c">
      <Filter>Source Files</Filter>
    </ClCompile>
    <ClCompile Include="E:\libcurl\curl-7.65.1\lib\cookie.c">
      <Filter>Source Files</Filter>
    </ClCompile>
    <ClCompile Include="E:\libcurl\curl-7.65.1\lib\http.c">
      <Filter>Source Files</Filter>
    </ClCompile>
    <ClCompile Include="E:\libcurl\curl-7.65.1\lib\sendf.c">
      <Filter>Source Files</Filter>
    </ClCompile>
    <ClCompile Include="E:\libcurl\curl-7.65.1\lib\ftp.c">
      <Filter>Source Files</Filter>
    </ClCompile>
    <ClCompile Include="E:\libcurl\curl-7.65.1\lib\url.c">
      <Filter>Source Files</Filter>
    </ClCompile>
    <ClCompile Include="E:\libcurl\curl-7.65.1\lib\dict.c">
      <Filter>Source Files</Filter>
    </ClCompile>
    <ClCompile Include="E:\libcurl\curl-7.65.1\lib\if2ip.c">
      <Filter>Source Files</Filter>
    </ClCompile>
    <ClCompile Include="E:\libcurl\curl-7.65.1\lib\speedcheck.c">
      <Filter>Source Files</Filter>
    </ClCompile>
    <ClCompile Include="E:\libcurl\curl-7.65.1\lib\ldap.c">
      <Filter>Source Files</Filter>
    </ClCompile>
    <ClCompile Include="E:\libcurl\curl-7.65.1\lib\version.c">
      <Filter>Source Files</Filter>
    </ClCompile>
    <ClCompile Include="E:\libcurl\curl-7.65.1\lib\getenv.c">
      <Filter>Source Files</Filter>
    </ClCompile>
    <ClCompile Include="E:\libcurl\curl-7.65.1\lib\escape.c">
      <Filter>Source Files</Filter>
    </ClCompile>
    <ClCompile Include="E:\libcurl\curl-7.65.1\lib\mprintf.c">
      <Filter>Source Files</Filter>
    </ClCompile>
    <ClCompile Include="E:\libcurl\curl-7.65.1\lib\telnet.c">
      <Filter>Source Files</Filter>
    </ClCompile>
    <ClCompile Include="E:\libcurl\curl-7.65.1\lib\netrc.c">
      <Filter>Source Files</Filter>
    </ClCompile>
    <ClCompile Include="E:\libcurl\curl-7.65.1\lib\getinfo.c">
      <Filter>Source Files</Filter>
    </ClCompile>
    <ClCompile Include="E:\libcurl\curl-7.65.1\lib\transfer.c">
      <Filter>Source Files</Filter>
    </ClCompile>
    <ClCompile Include="E:\libcurl\curl-7.65.1\lib\strcase.c">
      <Filter>Source Files</Filter>
    </ClCompile>
    <ClCompile Include="E:\libcurl\curl-7.65.1\lib\easy.c">
      <Filter>Source Files</Filter>
    </ClCompile>
    <ClCompile Include="E:\libcurl\curl-7.65.1\lib\security.c">
      <Filter>Source Files</Filter>
    </ClCompile>
    <ClCompile Include="E:\libcurl\curl-7.65.1\lib\curl_fnmatch.c">
      <Filter>Source Files</Filter>
    </ClCompile>
    <ClCompile Include="E:\libcurl\curl-7.65.1\lib\fileinfo.c">
      <Filter>Source Files</Filter>
    </ClCompile>
    <ClCompile Include="E:\libcurl\curl-7.65.1\lib\ftplistparser.c">
      <Filter>Source Files</Filter>
    </ClCompile>
    <ClCompile Include="E:\libcurl\curl-7.65.1\lib\wildcard.c">
      <Filter>Source Files</Filter>
    </ClCompile>
    <ClCompile Include="E:\libcurl\curl-7.65.1\lib\krb5.c">
      <Filter>Source Files</Filter>
    </ClCompile>
    <ClCompile Include="E:\libcurl\curl-7.65.1\lib\memdebug.c">
      <Filter>Source Files</Filter>
    </ClCompile>
    <ClCompile Include="E:\libcurl\curl-7.65.1\lib\http_chunks.c">
      <Filter>Source Files</Filter>
    </ClCompile>
    <ClCompile Include="E:\libcurl\curl-7.65.1\lib\strtok.c">
      <Filter>Source Files</Filter>
    </ClCompile>
    <ClCompile Include="E:\libcurl\curl-7.65.1\lib\connect.c">
      <Filter>Source Files</Filter>
    </ClCompile>
    <ClCompile Include="E:\libcurl\curl-7.65.1\lib\llist.c">
      <Filter>Source Files</Filter>
    </ClCompile>
    <ClCompile Include="E:\libcurl\curl-7.65.1\lib\hash.c">
      <Filter>Source Files</Filter>
    </ClCompile>
    <ClCompile Include="E:\libcurl\curl-7.65.1\lib\multi.c">
      <Filter>Source Files</Filter>
    </ClCompile>
    <ClCompile Include="E:\libcurl\curl-7.65.1\lib\content_encoding.c">
      <Filter>Source Files</Filter>
    </ClCompile>
    <ClCompile Include="E:\libcurl\curl-7.65.1\lib\share.c">
      <Filter>Source Files</Filter>
    </ClCompile>
    <ClCompile Include="E:\libcurl\curl-7.65.1\lib\http_digest.c">
      <Filter>Source Files</Filter>
    </ClCompile>
    <ClCompile Include="E:\libcurl\curl-7.65.1\lib\md4.c">
      <Filter>Source Files</Filter>
    </ClCompile>
    <ClCompile Include="E:\libcurl\curl-7.65.1\lib\md5.c">
      <Filter>Source Files</Filter>
    </ClCompile>
    <ClCompile Include="E:\libcurl\curl-7.65.1\lib\http_negotiate.c">
      <Filter>Source Files</Filter>
    </ClCompile>
    <ClCompile Include="E:\libcurl\curl-7.65.1\lib\inet_pton.c">
      <Filter>Source Files</Filter>
    </ClCompile>
    <ClCompile Include="E:\libcurl\curl-7.65.1\lib\strtoofft.c">
      <Filter>Source Files</Filter>
    </ClCompile>
    <ClCompile Include="E:\libcurl\curl-7.65.1\lib\strerror.c">
      <Filter>Source Files</Filter>
    </ClCompile>
    <ClCompile Include="E:\libcurl\curl-7.65.1\lib\amigaos.c">
      <Filter>Source Files</Filter>
    </ClCompile>
    <ClCompile Include="E:\libcurl\curl-7.65.1\lib\hostasyn.c">
      <Filter>Source Files</Filter>
    </ClCompile>
    <ClCompile Include="E:\libcurl\curl-7.65.1\lib\hostip4.c">
      <Filter>Source Files</Filter>
    </ClCompile>
    <ClCompile Include="E:\libcurl\curl-7.65.1\lib\hostip6.c">
      <Filter>Source Files</Filter>
    </ClCompile>
    <ClCompile Include="E:\libcurl\curl-7.65.1\lib\hostsyn.c">
      <Filter>Source Files</Filter>
    </ClCompile>
    <ClCompile Include="E:\libcurl\curl-7.65.1\lib\inet_ntop.c">
      <Filter>Source Files</Filter>
    </ClCompile>
    <ClCompile Include="E:\libcurl\curl-7.65.1\lib\parsedate.c">
      <Filter>Source Files</Filter>
    </ClCompile>
    <ClCompile Include="E:\libcurl\curl-7.65.1\lib\select.c">
      <Filter>Source Files</Filter>
    </ClCompile>
    <ClCompile Include="E:\libcurl\curl-7.65.1\lib\tftp.c">
      <Filter>Source Files</Filter>
    </ClCompile>
    <ClCompile Include="E:\libcurl\curl-7.65.1\lib\splay.c">
      <Filter>Source Files</Filter>
    </ClCompile>
    <ClCompile Include="E:\libcurl\curl-7.65.1\lib\strdup.c">
      <Filter>Source Files</Filter>
    </ClCompile>
    <ClCompile Include="E:\libcurl\curl-7.65.1\lib\socks.c">
      <Filter>Source Files</Filter>
    </ClCompile>
    <ClCompile Include="E:\libcurl\curl-7.65.1\lib\ssh.c">
      <Filter>Source Files</Filter>
    </ClCompile>
    <ClCompile Include="E:\libcurl\curl-7.65.1\lib\ssh-libssh.c">
      <Filter>Source Files</Filter>
    </ClCompile>
    <ClCompile Include="E:\libcurl\curl-7.65.1\lib\curl_addrinfo.c">
      <Filter>Source Files</Filter>
    </ClCompile>
    <ClCompile Include="E:\libcurl\curl-7.65.1\lib\socks_gssapi.c">
      <Filter>Source Files</Filter>
    </ClCompile>
    <ClCompile Include="E:\libcurl\curl-7.65.1\lib\socks_sspi.c">
      <Filter>Source Files</Filter>
    </ClCompile>
    <ClCompile Include="E:\libcurl\curl-7.65.1\lib\curl_sspi.c">
      <Filter>Source Files</Filter>
    </ClCompile>
    <ClCompile Include="E:\libcurl\curl-7.65.1\lib\slist.c">
      <Filter>Source Files</Filter>
    </ClCompile>
    <ClCompile Include="E:\libcurl\curl-7.65.1\lib\nonblock.c">
      <Filter>Source Files</Filter>
    </ClCompile>
    <ClCompile Include="E:\libcurl\curl-7.65.1\lib\curl_memrchr.c">
      <Filter>Source Files</Filter>
    </ClCompile>
    <ClCompile Include="E:\libcurl\curl-7.65.1\lib\imap.c">
      <Filter>Source Files</Filter>
    </ClCompile>
    <ClCompile Include="E:\libcurl\curl-7.65.1\lib\pop3.c">
      <Filter>Source Files</Filter>
    </ClCompile>
    <ClCompile Include="E:\libcurl\curl-7.65.1\lib\smtp.c">
      <Filter>Source Files</Filter>
    </ClCompile>
    <ClCompile Include="E:\libcurl\curl-7.65.1\lib\pingpong.c">
      <Filter>Source Files</Filter>
    </ClCompile>
    <ClCompile Include="E:\libcurl\curl-7.65.1\lib\rtsp.c">
      <Filter>Source Files</Filter>
    </ClCompile>
    <ClCompile Include="E:\libcurl\curl-7.65.1\lib\curl_threads.c">
      <Filter>Source Files</Filter>
    </ClCompile>
    <ClCompile Include="E:\libcurl\curl-7.65.1\lib\warnless.c">
      <Filter>Source Files</Filter>
    </ClCompile>
    <ClCompile Include="E:\libcurl\curl-7.65.1\lib\hmac.c">
      <Filter>Source Files</Filter>
    </ClCompile>
    <ClCompile Include="E:\libcurl\curl-7.65.1\lib\curl_rtmp.c">
      <Filter>Source Files</Filter>
    </ClCompile>
    <ClCompile Include="E:\libcurl\curl-7.65.1\lib\openldap.c">
      <Filter>Source Files</Filter>
    </ClCompile>
    <ClCompile Include="E:\libcurl\curl-7.65.1\lib\curl_gethostname.c">
      <Filter>Source Files</Filter>
    </ClCompile>
    <ClCompile Include="E:\libcurl\curl-7.65.1\lib\gopher.c">
      <Filter>Source Files</Filter>
    </ClCompile>
    <ClCompile Include="E:\libcurl\curl-7.65.1\lib\idn_win32.c">
      <Filter>Source Files</Filter>
    </ClCompile>
    <ClCompile Include="E:\libcurl\curl-7.65.1\lib\http_proxy.c">
      <Filter>Source Files</Filter>
    </ClCompile>
    <ClCompile Include="E:\libcurl\curl-7.65.1\lib\non-ascii.c">
      <Filter>Source Files</Filter>
    </ClCompile>
    <ClCompile Include="E:\libcurl\curl-7.65.1\lib\asyn-ares.c">
      <Filter>Source Files</Filter>
    </ClCompile>
    <ClCompile Include="E:\libcurl\curl-7.65.1\lib\asyn-thread.c">
      <Filter>Source Files</Filter>
    </ClCompile>
    <ClCompile Include="E:\libcurl\curl-7.65.1\lib\curl_gssapi.c">
      <Filter>Source Files</Filter>
    </ClCompile>
    <ClCompile Include="E:\libcurl\curl-7.65.1\lib\http_ntlm.c">
      <Filter>Source Files</Filter>
    </ClCompile>
    <ClCompile Include="E:\libcurl\curl-7.65.1\lib\curl_ntlm_wb.c">
      <Filter>Source Files</Filter>
    </ClCompile>
    <ClCompile Include="E:\libcurl\curl-7.65.1\lib\curl_ntlm_core.c">
      <Filter>Source Files</Filter>
    </ClCompile>
    <ClCompile Include="E:\libcurl\curl-7.65.1\lib\curl_sasl.c">
      <Filter>Source Files</Filter>
    </ClCompile>
    <ClCompile Include="E:\libcurl\curl-7.65.1\lib\rand.c">
      <Filter>Source Files</Filter>
    </ClCompile>
    <ClCompile Include="E:\libcurl\curl-7.65.1\lib\curl_multibyte.c">
      <Filter>Source Files</Filter>
    </ClCompile>
    <ClCompile Include="E:\libcurl\curl-7.65.1\lib\hostcheck.c">
      <Filter>Source Files</Filter>
    </ClCompile>
    <ClCompile Include="E:\libcurl\curl-7.65.1\lib\conncache.c">
      <Filter>Source Files</Filter>
    </ClCompile>
    <ClCompile Include="E:\libcurl\curl-7.65.1\lib\dotdot.c">
      <Filter>Source Files</Filter>
    </ClCompile>
    <ClCompile Include="E:\libcurl\curl-7.65.1\lib\x509asn1.c">
      <Filter>Source Files</Filter>
    </ClCompile>
    <ClCompile Include="E:\libcurl\curl-7.65.1\lib\http2.c">
      <Filter>Source Files</Filter>
    </ClCompile>
    <ClCompile Include="E:\libcurl\curl-7.65.1\lib\smb.c">
      <Filter>Source Files</Filter>
    </ClCompile>
    <ClCompile Include="E:\libcurl\curl-7.65.1\lib\curl_endian.c">
      <Filter>Source Files</Filter>
    </ClCompile>
    <ClCompile Include="E:\libcurl\curl-7.65.1\lib\curl_des.c">
      <Filter>Source Files</Filter>
    </ClCompile>
    <ClCompile Include="E:\libcurl\curl-7.65.1\lib\system_win32.c">
      <Filter>Source Files</Filter>
    </ClCompile>
    <ClCompile Include="E:\libcurl\curl-7.65.1\lib\mime.c">
      <Filter>Source Files</Filter>
    </ClCompile>
    <ClCompile Include="E:\libcurl\curl-7.65.1\lib\sha256.c">
      <Filter>Source Files</Filter>
    </ClCompile>
    <ClCompile Include="E:\libcurl\curl-7.65.1\lib\setopt.c">
      <Filter>Source Files</Filter>
    </ClCompile>
    <ClCompile Include="E:\libcurl\curl-7.65.1\lib\curl_path.c">
      <Filter>Source Files</Filter>
    </ClCompile>
    <ClCompile Include="E:\libcurl\curl-7.65.1\lib\curl_ctype.c">
      <Filter>Source Files</Filter>
    </ClCompile>
    <ClCompile Include="E:\libcurl\curl-7.65.1\lib\curl_range.c">
      <Filter>Source Files</Filter>
    </ClCompile>
    <ClCompile Include="E:\libcurl\curl-7.65.1\lib\psl.c">
      <Filter>Source Files</Filter>
    </ClCompile>
    <ClCompile Include="E:\libcurl\curl-7.65.1\lib\doh.c">
      <Filter>Source Files</Filter>
    </ClCompile>
    <ClCompile Include="E:\libcurl\curl-7.65.1\lib\urlapi.c">
      <Filter>Source Files</Filter>
    </ClCompile>
    <ClCompile Include="E:\libcurl\curl-7.65.1\lib\curl_get_line.c">
      <Filter>Source Files</Filter>
    </ClCompile>
    <ClCompile Include="E:\libcurl\curl-7.65.1\lib\altsvc.c">
      <Filter>Source Files</Filter>
    </ClCompile>
    <ClCompile Include="E:\libcurl\curl-7.65.1\lib\vauth\vauth.c">
      <Filter>Source Files</Filter>
    </ClCompile>
    <ClCompile Include="E:\libcurl\curl-7.65.1\lib\vauth\cleartext.c">
      <Filter>Source Files</Filter>
    </ClCompile>
    <ClCompile Include="E:\libcurl\curl-7.65.1\lib\vauth\cram.c">
      <Filter>Source Files</Filter>
    </ClCompile>
    <ClCompile Include="E:\libcurl\curl-7.65.1\lib\vauth\digest.c">
      <Filter>Source Files</Filter>
    </ClCompile>
    <ClCompile Include="E:\libcurl\curl-7.65.1\lib\vauth\digest_sspi.c">
      <Filter>Source Files</Filter>
    </ClCompile>
    <ClCompile Include="E:\libcurl\curl-7.65.1\lib\vauth\krb5_gssapi.c">
      <Filter>Source Files</Filter>
    </ClCompile>
    <ClCompile Include="E:\libcurl\curl-7.65.1\lib\vauth\krb5_sspi.c">
      <Filter>Source Files</Filter>
    </ClCompile>
    <ClCompile Include="E:\libcurl\curl-7.65.1\lib\vauth\ntlm.c">
      <Filter>Source Files</Filter>
    </ClCompile>
    <ClCompile Include="E:\libcurl\curl-7.65.1\lib\vauth\ntlm_sspi.c">
      <Filter>Source Files</Filter>
    </ClCompile>
    <ClCompile Include="E:\libcurl\curl-7.65.1\lib\vauth\oauth2.c">
      <Filter>Source Files</Filter>
    </ClCompile>
    <ClCompile Include="E:\libcurl\curl-7.65.1\lib\vauth\spnego_gssapi.c">
      <Filter>Source Files</Filter>
    </ClCompile>
    <ClCompile Include="E:\libcurl\curl-7.65.1\lib\vauth\spnego_sspi.c">
      <Filter>Source Files</Filter>
    </ClCompile>
    <ClCompile Include="E:\libcurl\curl-7.65.1\lib\vtls\openssl.c">
      <Filter>Source Files</Filter>
    </ClCompile>
    <ClCompile Include="E:\libcurl\curl-7.65.1\lib\vtls\gtls.c">
      <Filter>Source Files</Filter>
    </ClCompile>
    <ClCompile Include="E:\libcurl\curl-7.65.1\lib\vtls\vtls.c">
      <Filter>Source Files</Filter>
    </ClCompile>
    <ClCompile Include="E:\libcurl\curl-7.65.1\lib\vtls\nss.c">
      <Filter>Source Files</Filter>
    </ClCompile>
    <ClCompile Include="E:\libcurl\curl-7.65.1\lib\vtls\polarssl.c">
      <Filter>Source Files</Filter>
    </ClCompile>
    <ClCompile Include="E:\libcurl\curl-7.65.1\lib\vtls\polarssl_threadlock.c">
      <Filter>Source Files</Filter>
    </ClCompile>
    <ClCompile Include="E:\libcurl\curl-7.65.1\lib\vtls\cyassl.c">
      <Filter>Source Files</Filter>
    </ClCompile>
    <ClCompile Include="E:\libcurl\curl-7.65.1\lib\vtls\schannel.c">
      <Filter>Source Files</Filter>
    </ClCompile>
    <ClCompile Include="E:\libcurl\curl-7.65.1\lib\vtls\schannel_verify.c">
      <Filter>Source Files</Filter>
    </ClCompile>
    <ClCompile Include="E:\libcurl\curl-7.65.1\lib\vtls\sectransp.c">
      <Filter>Source Files</Filter>
    </ClCompile>
    <ClCompile Include="E:\libcurl\curl-7.65.1\lib\vtls\gskit.c">
      <Filter>Source Files</Filter>
    </ClCompile>
    <ClCompile Include="E:\libcurl\curl-7.65.1\lib\vtls\mbedtls.c">
      <Filter>Source Files</Filter>
    </ClCompile>
    <ClCompile Include="E:\libcurl\curl-7.65.1\lib\vtls\mesalink.c">
      <Filter>Source Files</Filter>
    </ClCompile>
  </ItemGroup>
  <ItemGroup>
    <ClInclude Include="E:\libcurl\curl-7.65.1\lib\arpa_telnet.h">
      <Filter>Header Files</Filter>
    </ClInclude>
    <ClInclude Include="E:\libcurl\curl-7.65.1\lib\netrc.h">
      <Filter>Header Files</Filter>
    </ClInclude>
    <ClInclude Include="E:\libcurl\curl-7.65.1\lib\file.h">
      <Filter>Header Files</Filter>
    </ClInclude>
    <ClInclude Include="E:\libcurl\curl-7.65.1\lib\timeval.h">
      <Filter>Header Files</Filter>
    </ClInclude>
    <ClInclude Include="E:\libcurl\curl-7.65.1\lib\hostip.h">
      <Filter>Header Files</Filter>
    </ClInclude>
    <ClInclude Include="E:\libcurl\curl-7.65.1\lib\progress.h">
      <Filter>Header Files</Filter>
    </ClInclude>
    <ClInclude Include="E:\libcurl\curl-7.65.1\lib\formdata.h">
      <Filter>Header Files</Filter>
    </ClInclude>
    <ClInclude Include="E:\libcurl\curl-7.65.1\lib\cookie.h">
      <Filter>Header Files</Filter>
    </ClInclude>
    <ClInclude Include="E:\libcurl\curl-7.65.1\lib\http.h">
      <Filter>Header Files</Filter>
    </ClInclude>
    <ClInclude Include="E:\libcurl\curl-7.65.1\lib\sendf.h">
      <Filter>Header Files</Filter>
    </ClInclude>
    <ClInclude Include="E:\libcurl\curl-7.65.1\lib\ftp.h">
      <Filter>Header Files</Filter>
    </ClInclude>
    <ClInclude Include="E:\libcurl\curl-7.65.1\lib\url.h">
      <Filter>Header Files</Filter>
    </ClInclude>
    <ClInclude Include="E:\libcurl\curl-7.65.1\lib\dict.h">
      <Filter>Header Files</Filter>
    </ClInclude>
    <ClInclude Include="E:\libcurl\curl-7.65.1\lib\if2ip.h">
      <Filter>Header Files</Filter>
    </ClInclude>
    <ClInclude Include="E:\libcurl\curl-7.65.1\lib\speedcheck.h">
      <Filter>Header Files</Filter>
    </ClInclude>
    <ClInclude Include="E:\libcurl\curl-7.65.1\lib\urldata.h">
      <Filter>Header Files</Filter>
    </ClInclude>
    <ClInclude Include="E:\libcurl\curl-7.65.1\lib\curl_ldap.h">
      <Filter>Header Files</Filter>
    </ClInclude>
    <ClInclude Include="E:\libcurl\curl-7.65.1\lib\escape.h">
      <Filter>Header Files</Filter>
    </ClInclude>
    <ClInclude Include="E:\libcurl\curl-7.65.1\lib\telnet.h">
      <Filter>Header Files</Filter>
    </ClInclude>
    <ClInclude Include="E:\libcurl\curl-7.65.1\lib\getinfo.h">
      <Filter>Header Files</Filter>
    </ClInclude>
    <ClInclude Include="E:\libcurl\curl-7.65.1\lib\strcase.h">
      <Filter>Header Files</Filter>
    </ClInclude>
    <ClInclude Include="E:\libcurl\curl-7.65.1\lib\curl_sec.h">
      <Filter>Header Files</Filter>
    </ClInclude>
    <ClInclude Include="E:\libcurl\curl-7.65.1\lib\memdebug.h">
      <Filter>Header Files</Filter>
    </ClInclude>
    <ClInclude Include="E:\libcurl\curl-7.65.1\lib\http_chunks.h">
      <Filter>Header Files</Filter>
    </ClInclude>
    <ClInclude Include="E:\libcurl\curl-7.65.1\lib\curl_fnmatch.h">
      <Filter>Header Files</Filter>
    </ClInclude>
    <ClInclude Include="E:\libcurl\curl-7.65.1\lib\wildcard.h">
      <Filter>Header Files</Filter>
    </ClInclude>
    <ClInclude Include="E:\libcurl\curl-7.65.1\lib\fileinfo.h">
      <Filter>Header Files</Filter>
    </ClInclude>
    <ClInclude Include="E:\libcurl\curl-7.65.1\lib\ftplistparser.h">
      <Filter>Header Files</Filter>
    </ClInclude>
    <ClInclude Include="E:\libcurl\curl-7.65.1\lib\strtok.h">
      <Filter>Header Files</Filter>
    </ClInclude>
    <ClInclude Include="E:\libcurl\curl-7.65.1\lib\connect.h">
      <Filter>Header Files</Filter>
    </ClInclude>
    <ClInclude Include="E:\libcurl\curl-7.65.1\lib\llist.h">
      <Filter>Header Files</Filter>
    </ClInclude>
    <ClInclude Include="E:\libcurl\curl-7.65.1\lib\hash.h">
      <Filter>Header Files</Filter>
    </ClInclude>
    <ClInclude Include="E:\libcurl\curl-7.65.1\lib\content_encoding.h">
      <Filter>Header Files</Filter>
    </ClInclude>
    <ClInclude Include="E:\libcurl\curl-7.65.1\lib\share.h">
      <Filter>Header Files</Filter>
    </ClInclude>
    <ClInclude Include="E:\libcurl\curl-7.65.1\lib\curl_md4.h">
      <Filter>Header Files</Filter>
    </ClInclude>
    <ClInclude Include="E:\libcurl\curl-7.65.1\lib\curl_md5.h">
      <Filter>Header Files</Filter>
    </ClInclude>
    <ClInclude Include="E:\libcurl\curl-7.65.1\lib\http_digest.h">
      <Filter>Header Files</Filter>
    </ClInclude>
    <ClInclude Include="E:\libcurl\curl-7.65.1\lib\http_negotiate.h">
      <Filter>Header Files</Filter>
    </ClInclude>
    <ClInclude Include="E:\libcurl\curl-7.65.1\lib\inet_pton.h">
      <Filter>Header Files</Filter>
    </ClInclude>
    <ClInclude Include="E:\libcurl\curl-7.65.1\lib\amigaos.h">
      <Filter>Header Files</Filter>
    </ClInclude>
    <ClInclude Include="E:\libcurl\curl-7.65.1\lib\strtoofft.h">
      <Filter>Header Files</Filter>
    </ClInclude>
    <ClInclude Include="E:\libcurl\curl-7.65.1\lib\strerror.h">
      <Filter>Header Files</Filter>
    </ClInclude>
    <ClInclude Include="E:\libcurl\curl-7.65.1\lib\inet_ntop.h">
      <Filter>Header Files</Filter>
    </ClInclude>
    <ClInclude Include="E:\libcurl\curl-7.65.1\lib\curlx.h">
      <Filter>Header Files</Filter>
    </ClInclude>
    <ClInclude Include="E:\libcurl\curl-7.65.1\lib\curl_memory.h">
      <Filter>Header Files</Filter>
    </ClInclude>
    <ClInclude Include="E:\libcurl\curl-7.65.1\lib\curl_setup.h">
      <Filter>Header Files</Filter>
    </ClInclude>
    <ClInclude Include="E:\libcurl\curl-7.65.1\lib\transfer.h">
      <Filter>Header Files</Filter>
    </ClInclude>
    <ClInclude Include="E:\libcurl\curl-7.65.1\lib\select.h">
      <Filter>Header Files</Filter>
    </ClInclude>
    <ClInclude Include="E:\libcurl\curl-7.65.1\lib\easyif.h">
      <Filter>Header Files</Filter>
    </ClInclude>
    <ClInclude Include="E:\libcurl\curl-7.65.1\lib\multiif.h">
      <Filter>Header Files</Filter>
    </ClInclude>
    <ClInclude Include="E:\libcurl\curl-7.65.1\lib\parsedate.h">
      <Filter>Header Files</Filter>
    </ClInclude>
    <ClInclude Include="E:\libcurl\curl-7.65.1\lib\tftp.h">
      <Filter>Header Files</Filter>
    </ClInclude>
    <ClInclude Include="E:\libcurl\curl-7.65.1\lib\sockaddr.h">
      <Filter>Header Files</Filter>
    </ClInclude>
    <ClInclude Include="E:\libcurl\curl-7.65.1\lib\splay.h">
      <Filter>Header Files</Filter>
    </ClInclude>
    <ClInclude Include="E:\libcurl\curl-7.65.1\lib\strdup.h">
      <Filter>Header Files</Filter>
    </ClInclude>
    <ClInclude Include="E:\libcurl\curl-7.65.1\lib\socks.h">
      <Filter>Header Files</Filter>
    </ClInclude>
    <ClInclude Include="E:\libcurl\curl-7.65.1\lib\ssh.h">
      <Filter>Header Files</Filter>
    </ClInclude>
    <ClInclude Include="E:\libcurl\curl-7.65.1\lib\curl_base64.h">
      <Filter>Header Files</Filter>
    </ClInclude>
    <ClInclude Include="E:\libcurl\curl-7.65.1\lib\curl_addrinfo.h">
      <Filter>Header Files</Filter>
    </ClInclude>
    <ClInclude Include="E:\libcurl\curl-7.65.1\lib\curl_sspi.h">
      <Filter>Header Files</Filter>
    </ClInclude>
    <ClInclude Include="E:\libcurl\curl-7.65.1\lib\slist.h">
      <Filter>Header Files</Filter>
    </ClInclude>
    <ClInclude Include="E:\libcurl\curl-7.65.1\lib\nonblock.h">
      <Filter>Header Files</Filter>
    </ClInclude>
    <ClInclude Include="E:\libcurl\curl-7.65.1\lib\curl_memrchr.h">
      <Filter>Header Files</Filter>
    </ClInclude>
    <ClInclude Include="E:\libcurl\curl-7.65.1\lib\imap.h">
      <Filter>Header Files</Filter>
    </ClInclude>
    <ClInclude Include="E:\libcurl\curl-7.65.1\lib\pop3.h">
      <Filter>Header Files</Filter>
    </ClInclude>
    <ClInclude Include="E:\libcurl\curl-7.65.1\lib\smtp.h">
      <Filter>Header Files</Filter>
    </ClInclude>
    <ClInclude Include="E:\libcurl\curl-7.65.1\lib\pingpong.h">
      <Filter>Header Files</Filter>
    </ClInclude>
    <ClInclude Include="E:\libcurl\curl-7.65.1\lib\rtsp.h">
      <Filter>Header Files</Filter>
    </ClInclude>
    <ClInclude Include="E:\libcurl\curl-7.65.1\lib\curl_threads.h">
      <Filter>Header Files</Filter>
    </ClInclude>
    <ClInclude Include="E:\libcurl\curl-7.65.1\lib\warnless.h">
      <Filter>Header Files</Filter>
    </ClInclude>
    <ClInclude Include="E:\libcurl\curl-7.65.1\lib\curl_hmac.h">
      <Filter>Header Files</Filter>
    </ClInclude>
    <ClInclude Include="E:\libcurl\curl-7.65.1\lib\curl_rtmp.h">
      <Filter>Header Files</Filter>
    </ClInclude>
    <ClInclude Include="E:\libcurl\curl-7.65.1\lib\curl_gethostname.h">
      <Filter>Header Files</Filter>
    </ClInclude>
    <ClInclude Include="E:\libcurl\curl-7.65.1\lib\gopher.h">
      <Filter>Header Files</Filter>
    </ClInclude>
    <ClInclude Include="E:\libcurl\curl-7.65.1\lib\http_proxy.h">
      <Filter>Header Files</Filter>
    </ClInclude>
    <ClInclude Include="E:\libcurl\curl-7.65.1\lib\non-ascii.h">
      <Filter>Header Files</Filter>
    </ClInclude>
    <ClInclude Include="E:\libcurl\curl-7.65.1\lib\asyn.h">
      <Filter>Header Files</Filter>
    </ClInclude>
    <ClInclude Include="E:\libcurl\curl-7.65.1\lib\http_ntlm.h">
      <Filter>Header Files</Filter>
    </ClInclude>
    <ClInclude Include="E:\libcurl\curl-7.65.1\lib\curl_gssapi.h">
      <Filter>Header Files</Filter>
    </ClInclude>
    <ClInclude Include="E:\libcurl\curl-7.65.1\lib\curl_ntlm_wb.h">
      <Filter>Header Files</Filter>
    </ClInclude>
    <ClInclude Include="E:\libcurl\curl-7.65.1\lib\curl_ntlm_core.h">
      <Filter>Header Files</Filter>
    </ClInclude>
    <ClInclude Include="E:\libcurl\curl-7.65.1\lib\curl_sasl.h">
      <Filter>Header Files</Filter>
    </ClInclude>
    <ClInclude Include="E:\libcurl\curl-7.65.1\lib\curl_multibyte.h">
      <Filter>Header Files</Filter>
    </ClInclude>
    <ClInclude Include="E:\libcurl\curl-7.65.1\lib\hostcheck.h">
      <Filter>Header Files</Filter>
    </ClInclude>
    <ClInclude Include="E:\libcurl\curl-7.65.1\lib\conncache.h">
      <Filter>Header Files</Filter>
    </ClInclude>
    <ClInclude Include="E:\libcurl\curl-7.65.1\lib\curl_setup_once.h">
      <Filter>Header Files</Filter>
    </ClInclude>
    <ClInclude Include="E:\libcurl\curl-7.65.1\lib\multihandle.h">
      <Filter>Header Files</Filter>
    </ClInclude>
    <ClInclude Include="E:\libcurl\curl-7.65.1\lib\setup-vms.h">
      <Filter>Header Files</Filter>
    </ClInclude>
    <ClInclude Include="E:\libcurl\curl-7.65.1\lib\dotdot.h">
      <Filter>Header Files</Filter>
    </ClInclude>
    <ClInclude Include="E:\libcurl\curl-7.65.1\lib\x509asn1.h">
      <Filter>Header Files</Filter>
    </ClInclude>
    <ClInclude Include="E:\libcurl\curl-7.65.1\lib\http2.h">
      <Filter>Header Files</Filter>
    </ClInclude>
    <ClInclude Include="E:\libcurl\curl-7.65.1\lib\sigpipe.h">
      <Filter>Header Files</Filter>
    </ClInclude>
    <ClInclude Include="E:\libcurl\curl-7.65.1\lib\smb.h">
      <Filter>Header Files</Filter>
    </ClInclude>
    <ClInclude Include="E:\libcurl\curl-7.65.1\lib\curl_endian.h">
      <Filter>Header Files</Filter>
    </ClInclude>
    <ClInclude Include="E:\libcurl\curl-7.65.1\lib\curl_des.h">
      <Filter>Header Files</Filter>
    </ClInclude>
    <ClInclude Include="E:\libcurl\curl-7.65.1\lib\curl_printf.h">
      <Filter>Header Files</Filter>
    </ClInclude>
    <ClInclude Include="E:\libcurl\curl-7.65.1\lib\system_win32.h">
      <Filter>Header Files</Filter>
    </ClInclude>
    <ClInclude Include="E:\libcurl\curl-7.65.1\lib\rand.h">
      <Filter>Header Files</Filter>
    </ClInclude>
    <ClInclude Include="E:\libcurl\curl-7.65.1\lib\mime.h">
      <Filter>Header Files</Filter>
    </ClInclude>
    <ClInclude Include="E:\libcurl\curl-7.65.1\lib\curl_sha256.h">
      <Filter>Header Files</Filter>
    </ClInclude>
    <ClInclude Include="E:\libcurl\curl-7.65.1\lib\setopt.h">
      <Filter>Header Files</Filter>
    </ClInclude>
    <ClInclude Include="E:\libcurl\curl-7.65.1\lib\curl_path.h">
      <Filter>Header Files</Filter>
    </ClInclude>
    <ClInclude Include="E:\libcurl\curl-7.65.1\lib\curl_ctype.h">
      <Filter>Header Files</Filter>
    </ClInclude>
    <ClInclude Include="E:\libcurl\curl-7.65.1\lib\curl_range.h">
      <Filter>Header Files</Filter>
    </ClInclude>
    <ClInclude Include="E:\libcurl\curl-7.65.1\lib\psl.h">
      <Filter>Header Files</Filter>
    </ClInclude>
    <ClInclude Include="E:\libcurl\curl-7.65.1\lib\doh.h">
      <Filter>Header Files</Filter>
    </ClInclude>
    <ClInclude Include="E:\libcurl\curl-7.65.1\lib\urlapi-int.h">
      <Filter>Header Files</Filter>
    </ClInclude>
    <ClInclude Include="E:\libcurl\curl-7.65.1\lib\curl_get_line.h">
      <Filter>Header Files</Filter>
    </ClInclude>
    <ClInclude Include="E:\libcurl\curl-7.65.1\lib\altsvc.h">
      <Filter>Header Files</Filter>
    </ClInclude>
    <ClInclude Include="E:\libcurl\curl-7.65.1\lib\vauth\vauth.h">
      <Filter>Header Files</Filter>
    </ClInclude>
    <ClInclude Include="E:\libcurl\curl-7.65.1\lib\vauth\digest.h">
      <Filter>Header Files</Filter>
    </ClInclude>
    <ClInclude Include="E:\libcurl\curl-7.65.1\lib\vauth\ntlm.h">
      <Filter>Header Files</Filter>
    </ClInclude>
    <ClInclude Include="E:\libcurl\curl-7.65.1\lib\vtls\openssl.h">
      <Filter>Header Files</Filter>
    </ClInclude>
    <ClInclude Include="E:\libcurl\curl-7.65.1\lib\vtls\vtls.h">
      <Filter>Header Files</Filter>
    </ClInclude>
    <ClInclude Include="E:\libcurl\curl-7.65.1\lib\vtls\gtls.h">
      <Filter>Header Files</Filter>
    </ClInclude>
    <ClInclude Include="E:\libcurl\curl-7.65.1\lib\vtls\nssg.h">
      <Filter>Header Files</Filter>
    </ClInclude>
    <ClInclude Include="E:\libcurl\curl-7.65.1\lib\vtls\polarssl.h">
      <Filter>Header Files</Filter>
    </ClInclude>
    <ClInclude Include="E:\libcurl\curl-7.65.1\lib\vtls\polarssl_threadlock.h">
      <Filter>Header Files</Filter>
    </ClInclude>
    <ClInclude Include="E:\libcurl\curl-7.65.1\lib\vtls\cyassl.h">
      <Filter>Header Files</Filter>
    </ClInclude>
    <ClInclude Include="E:\libcurl\curl-7.65.1\lib\vtls\schannel.h">
      <Filter>Header Files</Filter>
    </ClInclude>
    <ClInclude Include="E:\libcurl\curl-7.65.1\lib\vtls\sectransp.h">
      <Filter>Header Files</Filter>
    </ClInclude>
    <ClInclude Include="E:\libcurl\curl-7.65.1\lib\vtls\gskit.h">
      <Filter>Header Files</Filter>
    </ClInclude>
    <ClInclude Include="E:\libcurl\curl-7.65.1\lib\vtls\mbedtls.h">
      <Filter>Header Files</Filter>
    </ClInclude>
    <ClInclude Include="E:\libcurl\curl-7.65.1\lib\vtls\mesalink.h">
      <Filter>Header Files</Filter>
    </ClInclude>
    <ClInclude Include="E:\libcurl\curl-7.65.1\lib\curl_config.h">
      <Filter>Header Files</Filter>
    </ClInclude>
  </ItemGroup>
  <ItemGroup>
    <ResourceCompile Include="E:\libcurl\curl-7.65.1\lib\libcurl.rc">
      <Filter>Source Files</Filter>
    </ResourceCompile>
  </ItemGroup>
  <ItemGroup>
    <Filter Include="Header Files">
      <UniqueIdentifier>{9AAD9661-A579-35A3-BB9A-E78571B3EABF}</UniqueIdentifier>
    </Filter>
    <Filter Include="Source Files">
      <UniqueIdentifier>{995C60F3-2EE7-3E66-9B02-AEE429736444}</UniqueIdentifier>
    </Filter>
  </ItemGroup>
</Project>