<?xml version="1.0" encoding="utf-8"?>
<Project ToolsVersion="15.0" xmlns="http://schemas.microsoft.com/developer/msbuild/2003">
  <ItemGroup>
    <ClCompile Include="openssl.c">
      <Filter>Source Files</Filter>
    </ClCompile>
    <ClCompile Include="agent.c">
      <Filter>Source Files</Filter>
    </ClCompile>
    <ClCompile Include="bcrypt_pbkdf.c">
      <Filter>Source Files</Filter>
    </ClCompile>
    <ClCompile Include="blowfish.c">
      <Filter>Source Files</Filter>
    </ClCompile>
    <ClCompile Include="channel.c">
      <Filter>Source Files</Filter>
    </ClCompile>
    <ClCompile Include="comp.c">
      <Filter>Source Files</Filter>
    </ClCompile>
    <ClCompile Include="crypt.c">
      <Filter>Source Files</Filter>
    </ClCompile>
    <ClCompile Include="global.c">
      <Filter>Source Files</Filter>
    </ClCompile>
    <ClCompile Include="hostkey.c">
      <Filter>Source Files</Filter>
    </ClCompile>
    <ClCompile Include="keepalive.c">
      <Filter>Source Files</Filter>
    </ClCompile>
    <ClCompile Include="kex.c">
      <Filter>Source Files</Filter>
    </ClCompile>
    <ClCompile Include="knownhost.c">
      <Filter>Source Files</Filter>
    </ClCompile>
    <ClCompile Include="mac.c">
      <Filter>Source Files</Filter>
    </ClCompile>
    <ClCompile Include="misc.c">
      <Filter>Source Files</Filter>
    </ClCompile>
    <ClCompile Include="packet.c">
      <Filter>Source Files</Filter>
    </ClCompile>
    <ClCompile Include="pem.c">
      <Filter>Source Files</Filter>
    </ClCompile>
    <ClCompile Include="publickey.c">
      <Filter>Source Files</Filter>
    </ClCompile>
    <ClCompile Include="scp.c">
      <Filter>Source Files</Filter>
    </ClCompile>
    <ClCompile Include="session.c">
      <Filter>Source Files</Filter>
    </ClCompile>
    <ClCompile Include="sftp.c">
      <Filter>Source Files</Filter>
    </ClCompile>
    <ClCompile Include="transport.c">
      <Filter>Source Files</Filter>
    </ClCompile>
    <ClCompile Include="userauth.c">
      <Filter>Source Files</Filter>
    </ClCompile>
    <ClCompile Include="version.c">
      <Filter>Source Files</Filter>
    </ClCompile>
  </ItemGroup>
  <ItemGroup>
    <ClInclude Include="openssl.h">
      <Filter>Header Files</Filter>
    </ClInclude>
    <ClInclude Include="blf.h">
      <Filter>Header Files</Filter>
    </ClInclude>
    <ClInclude Include="channel.h">
      <Filter>Header Files</Filter>
    </ClInclude>
    <ClInclude Include="comp.h">
      <Filter>Header Files</Filter>
    </ClInclude>
    <ClInclude Include="crypto.h">
      <Filter>Header Files</Filter>
    </ClInclude>
    <ClInclude Include="libssh2_priv.h">
      <Filter>Header Files</Filter>
    </ClInclude>
    <ClInclude Include="mac.h">
      <Filter>Header Files</Filter>
    </ClInclude>
    <ClInclude Include="misc.h">
      <Filter>Header Files</Filter>
    </ClInclude>
    <ClInclude Include="packet.h">
      <Filter>Header Files</Filter>
    </ClInclude>
    <ClInclude Include="session.h">
      <Filter>Header Files</Filter>
    </ClInclude>
    <ClInclude Include="sftp.h">
      <Filter>Header Files</Filter>
    </ClInclude>
    <ClInclude Include="transport.h">
      <Filter>Header Files</Filter>
    </ClInclude>
    <ClInclude Include="userauth.h">
      <Filter>Header Files</Filter>
    </ClInclude>
  </ItemGroup>
  <ItemGroup>
    <ResourceCompile Include="..\win32\libssh2.rc">
      <Filter>Source Files</Filter>
    </ResourceCompile>
  </ItemGroup>
  <ItemGroup>
    <Filter Include="Header Files">
      <UniqueIdentifier>{542ED4A9-EFB2-343F-9029-99B3AE1B0F64}</UniqueIdentifier>
    </Filter>
    <Filter Include="Source Files">
      <UniqueIdentifier>{87C8A2C5-69E8-3628-9D07-625BE8C7DB54}</UniqueIdentifier>
    </Filter>
  </ItemGroup>
</Project>